
Microsoft Visual Studio Solution File, Format Version 12.00
# Visual Studio Version 17
VisualStudioVersion = 17.1.31911.260
MinimumVisualStudioVersion = 10.0.40219.1
Project("{FAE04EC0-301F-11D3-BF4B-00C04F79EFBC}") = "SystemBackdropTypes", "SystemBackdropTypes\SystemBackdropTypes.csproj", "{335147AD-1414-4847-99A8-C11A142CED09}"
EndProject
Global
	GlobalSection(SolutionConfigurationPlatforms) = preSolution
		Debug|Any CPU = Debug|Any CPU
		Release|Any CPU = Release|Any CPU
	EndGlobalSection
	GlobalSection(ProjectConfigurationPlatforms) = postSolution
		{335147AD-1414-4847-99A8-C11A142CED09}.Debug|Any CPU.ActiveCfg = Debug|Any CPU
		{335147AD-1414-4847-99A8-C11A142CED09}.Debug|Any CPU.Build.0 = Debug|Any CPU
		{335147AD-1414-4847-99A8-C11A142CED09}.Release|Any CPU.ActiveCfg = Release|Any CPU
		{335147AD-1414-4847-99A8-C11A142CED09}.Release|Any CPU.Build.0 = Release|Any CPU
	EndGlobalSection
	GlobalSection(SolutionProperties) = preSolution
		HideSolutionNode = FALSE
	EndGlobalSection
	GlobalSection(ExtensibilityGlobals) = postSolution
		SolutionGuid = {3E4F4EB0-E9D2-43BD-B04E-8A23EA7ECDE8}
	EndGlobalSection
EndGlobal
